// !$*UTF8*$!
{
	archiveVersion = 1;
	classes = {
	};
	objectVersion = 55;
	objects = {

/* Begin PBXBuildFile section */
		3D2A6DCE28CF8D1700BF2614 /* iOS_Take_Home_ProjectApp.swift in Sources */ = {isa = PBXBuildFile; fileRef = 3D2A6DCD28CF8D1700BF2614 /* iOS_Take_Home_ProjectApp.swift */; };
		3D2A6DD028CF8D1700BF2614 /* ContentView.swift in Sources */ = {isa = PBXBuildFile; fileRef = 3D2A6DCF28CF8D1700BF2614 /* ContentView.swift */; };
		3D2A6DD228CF8D1800BF2614 /* Assets.xcassets in Resources */ = {isa = PBXBuildFile; fileRef = 3D2A6DD128CF8D1800BF2614 /* Assets.xcassets */; };
		3D2A6DD528CF8D1800BF2614 /* Preview Assets.xcassets in Resources */ = {isa = PBXBuildFile; fileRef = 3D2A6DD428CF8D1800BF2614 /* Preview Assets.xcassets */; };
		3D2A6DDD28CF8D8600BF2614 /* Symbols.swift in Sources */ = {isa = PBXBuildFile; fileRef = 3D2A6DDC28CF8D8600BF2614 /* Symbols.swift */; };
		3D2A6DDF28CF906500BF2614 /* Theme.swift in Sources */ = {isa = PBXBuildFile; fileRef = 3D2A6DDE28CF906500BF2614 /* Theme.swift */; };
		3D2A6DF228D0D58100BF2614 /* UserStaticData.json in Resources */ = {isa = PBXBuildFile; fileRef = 3D2A6DF128D0D58100BF2614 /* UserStaticData.json */; };
		3D2A6DF528D0DC7C00BF2614 /* UserDetailResponse.swift in Sources */ = {isa = PBXBuildFile; fileRef = 3D2A6DF428D0DC7C00BF2614 /* UserDetailResponse.swift */; };
		3D2A6DF728D0DCDF00BF2614 /* UsersResponse.swift in Sources */ = {isa = PBXBuildFile; fileRef = 3D2A6DF628D0DCDF00BF2614 /* UsersResponse.swift */; };
		3D2A6DFA28D0DD7600BF2614 /* User.swift in Sources */ = {isa = PBXBuildFile; fileRef = 3D2A6DF928D0DD7600BF2614 /* User.swift */; };
		3D2A6DFC28D0DD8500BF2614 /* Suppoprt.swift in Sources */ = {isa = PBXBuildFile; fileRef = 3D2A6DFB28D0DD8500BF2614 /* Suppoprt.swift */; };
		3D2A6DFF28D0DDA100BF2614 /* StaticJSONMapper.swift in Sources */ = {isa = PBXBuildFile; fileRef = 3D2A6DFE28D0DDA100BF2614 /* StaticJSONMapper.swift */; };
		3D2A6E0128D0E0AF00BF2614 /* PeopleView.swift in Sources */ = {isa = PBXBuildFile; fileRef = 3D2A6E0028D0E0AF00BF2614 /* PeopleView.swift */; };
		3D2A6E0328D13BDE00BF2614 /* PersonItemView.swift in Sources */ = {isa = PBXBuildFile; fileRef = 3D2A6E0228D13BDE00BF2614 /* PersonItemView.swift */; };
		3D2A6E0628D13CAC00BF2614 /* PillView.swift in Sources */ = {isa = PBXBuildFile; fileRef = 3D2A6E0528D13CAC00BF2614 /* PillView.swift */; };
/* End PBXBuildFile section */

/* Begin PBXFileReference section */
		3D2A6DCA28CF8D1700BF2614 /* iOS Take Home Project.app */ = {isa = PBXFileReference; explicitFileType = wrapper.application; includeInIndex = 0; path = "iOS Take Home Project.app"; sourceTree = BUILT_PRODUCTS_DIR; };
		3D2A6DCD28CF8D1700BF2614 /* iOS_Take_Home_ProjectApp.swift */ = {isa = PBXFileReference; lastKnownFileType = sourcecode.swift; path = iOS_Take_Home_ProjectApp.swift; sourceTree = "<group>"; };
		3D2A6DCF28CF8D1700BF2614 /* ContentView.swift */ = {isa = PBXFileReference; lastKnownFileType = sourcecode.swift; path = ContentView.swift; sourceTree = "<group>"; };
		3D2A6DD128CF8D1800BF2614 /* Assets.xcassets */ = {isa = PBXFileReference; lastKnownFileType = folder.assetcatalog; path = Assets.xcassets; sourceTree = "<group>"; };
		3D2A6DD428CF8D1800BF2614 /* Preview Assets.xcassets */ = {isa = PBXFileReference; lastKnownFileType = folder.assetcatalog; path = "Preview Assets.xcassets"; sourceTree = "<group>"; };
		3D2A6DDC28CF8D8600BF2614 /* Symbols.swift */ = {isa = PBXFileReference; lastKnownFileType = sourcecode.swift; path = Symbols.swift; sourceTree = "<group>"; };
		3D2A6DDE28CF906500BF2614 /* Theme.swift */ = {isa = PBXFileReference; lastKnownFileType = sourcecode.swift; path = Theme.swift; sourceTree = "<group>"; };
		3D2A6DF028CFAA6600BF2614 /* iOS-Take-Home-Project-Info.plist */ = {isa = PBXFileReference; lastKnownFileType = text.plist; path = "iOS-Take-Home-Project-Info.plist"; sourceTree = SOURCE_ROOT; };
		3D2A6DF128D0D58100BF2614 /* UserStaticData.json */ = {isa = PBXFileReference; lastKnownFileType = text.json; path = UserStaticData.json; sourceTree = "<group>"; };
		3D2A6DF328D0D5AD00BF2614 /* SingleUserData.json */ = {isa = PBXFileReference; lastKnownFileType = text.json; path = SingleUserData.json; sourceTree = "<group>"; };
		3D2A6DF428D0DC7C00BF2614 /* UserDetailResponse.swift */ = {isa = PBXFileReference; lastKnownFileType = sourcecode.swift; path = UserDetailResponse.swift; sourceTree = "<group>"; };
		3D2A6DF628D0DCDF00BF2614 /* UsersResponse.swift */ = {isa = PBXFileReference; lastKnownFileType = sourcecode.swift; path = UsersResponse.swift; sourceTree = "<group>"; };
		3D2A6DF928D0DD7600BF2614 /* User.swift */ = {isa = PBXFileReference; lastKnownFileType = sourcecode.swift; path = User.swift; sourceTree = "<group>"; };
		3D2A6DFB28D0DD8500BF2614 /* Suppoprt.swift */ = {isa = PBXFileReference; lastKnownFileType = sourcecode.swift; path = Suppoprt.swift; sourceTree = "<group>"; };
		3D2A6DFE28D0DDA100BF2614 /* StaticJSONMapper.swift */ = {isa = PBXFileReference; lastKnownFileType = sourcecode.swift; path = StaticJSONMapper.swift; sourceTree = "<group>"; };
		3D2A6E0028D0E0AF00BF2614 /* PeopleView.swift */ = {isa = PBXFileReference; lastKnownFileType = sourcecode.swift; path = PeopleView.swift; sourceTree = "<group>"; };
		3D2A6E0228D13BDE00BF2614 /* PersonItemView.swift */ = {isa = PBXFileReference; lastKnownFileType = sourcecode.swift; path = PersonItemView.swift; sourceTree = "<group>"; };
		3D2A6E0528D13CAC00BF2614 /* PillView.swift */ = {isa = PBXFileReference; lastKnownFileType = sourcecode.swift; path = PillView.swift; sourceTree = "<group>"; };
/* End PBXFileReference section */

/* Begin PBXFrameworksBuildPhase section */
		3D2A6DC728CF8D1700BF2614 /* Frameworks */ = {
			isa = PBXFrameworksBuildPhase;
			buildActionMask = 2147483647;
			files = (
			);
			runOnlyForDeploymentPostprocessing = 0;
		};
/* End PBXFrameworksBuildPhase section */

/* Begin PBXGroup section */
		3D2A6DC128CF8D1700BF2614 = {
			isa = PBXGroup;
			children = (
				3D2A6DCC28CF8D1700BF2614 /* iOS Take Home Project */,
				3D2A6DCB28CF8D1700BF2614 /* Products */,
			);
			sourceTree = "<group>";
		};
		3D2A6DCB28CF8D1700BF2614 /* Products */ = {
			isa = PBXGroup;
			children = (
				3D2A6DCA28CF8D1700BF2614 /* iOS Take Home Project.app */,
			);
			name = Products;
			sourceTree = "<group>";
		};
		3D2A6DCC28CF8D1700BF2614 /* iOS Take Home Project */ = {
			isa = PBXGroup;
			children = (
				3D2A6DF028CFAA6600BF2614 /* iOS-Take-Home-Project-Info.plist */,
				3D2A6DE128CF944A00BF2614 /* Base */,
				3D2A6DE028CF944400BF2614 /* Features */,
				3D2A6DDB28CF8D3800BF2614 /* Resources */,
				3D2A6DCD28CF8D1700BF2614 /* iOS_Take_Home_ProjectApp.swift */,
				3D2A6DCF28CF8D1700BF2614 /* ContentView.swift */,
				3D2A6DD128CF8D1800BF2614 /* Assets.xcassets */,
				3D2A6DD328CF8D1800BF2614 /* Preview Content */,
			);
			path = "iOS Take Home Project";
			sourceTree = "<group>";
		};
		3D2A6DD328CF8D1800BF2614 /* Preview Content */ = {
			isa = PBXGroup;
			children = (
				3D2A6DD428CF8D1800BF2614 /* Preview Assets.xcassets */,
			);
			path = "Preview Content";
			sourceTree = "<group>";
		};
		3D2A6DDB28CF8D3800BF2614 /* Resources */ = {
			isa = PBXGroup;
			children = (
				3D2A6DDC28CF8D8600BF2614 /* Symbols.swift */,
				3D2A6DDE28CF906500BF2614 /* Theme.swift */,
				3D2A6DF128D0D58100BF2614 /* UserStaticData.json */,
				3D2A6DF328D0D5AD00BF2614 /* SingleUserData.json */,
			);
			path = Resources;
			sourceTree = "<group>";
		};
		3D2A6DE028CF944400BF2614 /* Features */ = {
			isa = PBXGroup;
			children = (
				3D2A6DE528CF946100BF2614 /* Settings */,
				3D2A6DE428CF945C00BF2614 /* Detail */,
				3D2A6DE328CF945600BF2614 /* Create */,
				3D2A6DE228CF945100BF2614 /* People */,
			);
			path = Features;
			sourceTree = "<group>";
		};
		3D2A6DE128CF944A00BF2614 /* Base */ = {
			isa = PBXGroup;
			children = (
				3D2A6E0428D13CA300BF2614 /* Views */,
				3D2A6DFD28D0DD9600BF2614 /* Mapper */,
				3D2A6DF828D0DD6200BF2614 /* Models */,
			);
			path = Base;
			sourceTree = "<group>";
		};
		3D2A6DE228CF945100BF2614 /* People */ = {
			isa = PBXGroup;
			children = (
				3D2A6DE628CF946800BF2614 /* Views */,
				3D2A6DE728CF946D00BF2614 /* Models */,
				3D2A6DE828CF947200BF2614 /* ViewModels */,
			);
			path = People;
			sourceTree = "<group>";
		};
		3D2A6DE328CF945600BF2614 /* Create */ = {
			isa = PBXGroup;
			children = (
				3D2A6DEB28CF94B900BF2614 /* Views */,
				3D2A6DEA28CF94B400BF2614 /* Models */,
				3D2A6DE928CF94AD00BF2614 /* ViewModels */,
			);
			path = Create;
			sourceTree = "<group>";
		};
		3D2A6DE428CF945C00BF2614 /* Detail */ = {
			isa = PBXGroup;
			children = (
				3D2A6DEF28CF94D600BF2614 /* Views */,
				3D2A6DEE28CF94D000BF2614 /* Models */,
				3D2A6DEC28CF94C200BF2614 /* ViewModels */,
			);
			path = Detail;
			sourceTree = "<group>";
		};
		3D2A6DE528CF946100BF2614 /* Settings */ = {
			isa = PBXGroup;
			children = (
			);
			path = Settings;
			sourceTree = "<group>";
		};
		3D2A6DE628CF946800BF2614 /* Views */ = {
			isa = PBXGroup;
			children = (
				3D2A6E0028D0E0AF00BF2614 /* PeopleView.swift */,
				3D2A6E0228D13BDE00BF2614 /* PersonItemView.swift */,
			);
			path = Views;
			sourceTree = "<group>";
		};
		3D2A6DE728CF946D00BF2614 /* Models */ = {
			isa = PBXGroup;
			children = (
				3D2A6DF628D0DCDF00BF2614 /* UsersResponse.swift */,
			);
			path = Models;
			sourceTree = "<group>";
		};
		3D2A6DE828CF947200BF2614 /* ViewModels */ = {
			isa = PBXGroup;
			children = (
			);
			path = ViewModels;
			sourceTree = "<group>";
		};
		3D2A6DE928CF94AD00BF2614 /* ViewModels */ = {
			isa = PBXGroup;
			children = (
			);
			path = ViewModels;
			sourceTree = "<group>";
		};
		3D2A6DEA28CF94B400BF2614 /* Models */ = {
			isa = PBXGroup;
			children = (
			);
			path = Models;
			sourceTree = "<group>";
		};
		3D2A6DEB28CF94B900BF2614 /* Views */ = {
			isa = PBXGroup;
			children = (
			);
			path = Views;
			sourceTree = "<group>";
		};
		3D2A6DEC28CF94C200BF2614 /* ViewModels */ = {
			isa = PBXGroup;
			children = (
			);
			path = ViewModels;
			sourceTree = "<group>";
		};
		3D2A6DEE28CF94D000BF2614 /* Models */ = {
			isa = PBXGroup;
			children = (
				3D2A6DF428D0DC7C00BF2614 /* UserDetailResponse.swift */,
			);
			path = Models;
			sourceTree = "<group>";
		};
		3D2A6DEF28CF94D600BF2614 /* Views */ = {
			isa = PBXGroup;
			children = (
			);
			path = Views;
			sourceTree = "<group>";
		};
		3D2A6DF828D0DD6200BF2614 /* Models */ = {
			isa = PBXGroup;
			children = (
				3D2A6DF928D0DD7600BF2614 /* User.swift */,
				3D2A6DFB28D0DD8500BF2614 /* Suppoprt.swift */,
			);
			path = Models;
			sourceTree = "<group>";
		};
		3D2A6DFD28D0DD9600BF2614 /* Mapper */ = {
			isa = PBXGroup;
			children = (
				3D2A6DFE28D0DDA100BF2614 /* StaticJSONMapper.swift */,
			);
			path = Mapper;
			sourceTree = "<group>";
		};
		3D2A6E0428D13CA300BF2614 /* Views */ = {
			isa = PBXGroup;
			children = (
				3D2A6E0528D13CAC00BF2614 /* PillView.swift */,
			);
			path = Views;
			sourceTree = "<group>";
		};
/* End PBXGroup section */

/* Begin PBXNativeTarget section */
		3D2A6DC928CF8D1700BF2614 /* iOS Take Home Project */ = {
			isa = PBXNativeTarget;
			buildConfigurationList = 3D2A6DD828CF8D1800BF2614 /* Build configuration list for PBXNativeTarget "iOS Take Home Project" */;
			buildPhases = (
				3D2A6DC628CF8D1700BF2614 /* Sources */,
				3D2A6DC728CF8D1700BF2614 /* Frameworks */,
				3D2A6DC828CF8D1700BF2614 /* Resources */,
			);
			buildRules = (
			);
			dependencies = (
			);
			name = "iOS Take Home Project";
			productName = "iOS Take Home Project";
			productReference = 3D2A6DCA28CF8D1700BF2614 /* iOS Take Home Project.app */;
			productType = "com.apple.product-type.application";
		};
/* End PBXNativeTarget section */

/* Begin PBXProject section */
		3D2A6DC228CF8D1700BF2614 /* Project object */ = {
			isa = PBXProject;
			attributes = {
				BuildIndependentTargetsInParallel = 1;
				LastSwiftUpdateCheck = 1340;
				LastUpgradeCheck = 1340;
				TargetAttributes = {
					3D2A6DC928CF8D1700BF2614 = {
						CreatedOnToolsVersion = 13.4.1;
					};
				};
			};
			buildConfigurationList = 3D2A6DC528CF8D1700BF2614 /* Build configuration list for PBXProject "iOS Take Home Project" */;
			compatibilityVersion = "Xcode 13.0";
			developmentRegion = en;
			hasScannedForEncodings = 0;
			knownRegions = (
				en,
				Base,
			);
			mainGroup = 3D2A6DC128CF8D1700BF2614;
			productRefGroup = 3D2A6DCB28CF8D1700BF2614 /* Products */;
			projectDirPath = "";
			projectRoot = "";
			targets = (
				3D2A6DC928CF8D1700BF2614 /* iOS Take Home Project */,
			);
		};
/* End PBXProject section */

/* Begin PBXResourcesBuildPhase section */
		3D2A6DC828CF8D1700BF2614 /* Resources */ = {
			isa = PBXResourcesBuildPhase;
			buildActionMask = 2147483647;
			files = (
				3D2A6DD528CF8D1800BF2614 /* Preview Assets.xcassets in Resources */,
				3D2A6DF228D0D58100BF2614 /* UserStaticData.json in Resources */,
				3D2A6DD228CF8D1800BF2614 /* Assets.xcassets in Resources */,
			);
			runOnlyForDeploymentPostprocessing = 0;
		};
/* End PBXResourcesBuildPhase section */

/* Begin PBXSourcesBuildPhase section */
		3D2A6DC628CF8D1700BF2614 /* Sources */ = {
			isa = PBXSourcesBuildPhase;
			buildActionMask = 2147483647;
			files = (
				3D2A6E0328D13BDE00BF2614 /* PersonItemView.swift in Sources */,
				3D2A6E0628D13CAC00BF2614 /* PillView.swift in Sources */,
				3D2A6DDD28CF8D8600BF2614 /* Symbols.swift in Sources */,
				3D2A6E0128D0E0AF00BF2614 /* PeopleView.swift in Sources */,
				3D2A6DDF28CF906500BF2614 /* Theme.swift in Sources */,
				3D2A6DFF28D0DDA100BF2614 /* StaticJSONMapper.swift in Sources */,
				3D2A6DD028CF8D1700BF2614 /* ContentView.swift in Sources */,
				3D2A6DF528D0DC7C00BF2614 /* UserDetailResponse.swift in Sources */,
				3D2A6DCE28CF8D1700BF2614 /* iOS_Take_Home_ProjectApp.swift in Sources */,
				3D2A6DF728D0DCDF00BF2614 /* UsersResponse.swift in Sources */,
				3D2A6DFC28D0DD8500BF2614 /* Suppoprt.swift in Sources */,
				3D2A6DFA28D0DD7600BF2614 /* User.swift in Sources */,
			);
			runOnlyForDeploymentPostprocessing = 0;
		};
/* End PBXSourcesBuildPhase section */

/* Begin XCBuildConfiguration section */
		3D2A6DD628CF8D1800BF2614 /* Debug */ = {
			isa = XCBuildConfiguration;
			buildSettings = {
				ALWAYS_SEARCH_USER_PATHS = NO;
				CLANG_ANALYZER_NONNULL = YES;
				CLANG_ANALYZER_NUMBER_OBJECT_CONVERSION = YES_AGGRESSIVE;
				CLANG_CXX_LANGUAGE_STANDARD = "gnu++17";
				CLANG_ENABLE_MODULES = YES;
				CLANG_ENABLE_OBJC_ARC = YES;
				CLANG_ENABLE_OBJC_WEAK = YES;
				CLANG_WARN_BLOCK_CAPTURE_AUTORELEASING = YES;
				CLANG_WARN_BOOL_CONVERSION = YES;
				CLANG_WARN_COMMA = YES;
				CLANG_WARN_CONSTANT_CONVERSION = YES;
				CLANG_WARN_DEPRECATED_OBJC_IMPLEMENTATIONS = YES;
				CLANG_WARN_DIRECT_OBJC_ISA_USAGE = YES_ERROR;
				CLANG_WARN_DOCUMENTATION_COMMENTS = YES;
				CLANG_WARN_EMPTY_BODY = YES;
				CLANG_WARN_ENUM_CONVERSION = YES;
				CLANG_WARN_INFINITE_RECURSION = YES;
				CLANG_WARN_INT_CONVERSION = YES;
				CLANG_WARN_NON_LITERAL_NULL_CONVERSION = YES;
				CLANG_WARN_OBJC_IMPLICIT_RETAIN_SELF = YES;
				CLANG_WARN_OBJC_LITERAL_CONVERSION = YES;
				CLANG_WARN_OBJC_ROOT_CLASS = YES_ERROR;
				CLANG_WARN_QUOTED_INCLUDE_IN_FRAMEWORK_HEADER = YES;
				CLANG_WARN_RANGE_LOOP_ANALYSIS = YES;
				CLANG_WARN_STRICT_PROTOTYPES = YES;
				CLANG_WARN_SUSPICIOUS_MOVE = YES;
				CLANG_WARN_UNGUARDED_AVAILABILITY = YES_AGGRESSIVE;
				CLANG_WARN_UNREACHABLE_CODE = YES;
				CLANG_WARN__DUPLICATE_METHOD_MATCH = YES;
				COPY_PHASE_STRIP = NO;
				DEBUG_INFORMATION_FORMAT = dwarf;
				ENABLE_STRICT_OBJC_MSGSEND = YES;
				ENABLE_TESTABILITY = YES;
				GCC_C_LANGUAGE_STANDARD = gnu11;
				GCC_DYNAMIC_NO_PIC = NO;
				GCC_NO_COMMON_BLOCKS = YES;
				GCC_OPTIMIZATION_LEVEL = 0;
				GCC_PREPROCESSOR_DEFINITIONS = (
					"DEBUG=1",
					"$(inherited)",
				);
				GCC_WARN_64_TO_32_BIT_CONVERSION = YES;
				GCC_WARN_ABOUT_RETURN_TYPE = YES_ERROR;
				GCC_WARN_UNDECLARED_SELECTOR = YES;
				GCC_WARN_UNINITIALIZED_AUTOS = YES_AGGRESSIVE;
				GCC_WARN_UNUSED_FUNCTION = YES;
				GCC_WARN_UNUSED_VARIABLE = YES;
				IPHONEOS_DEPLOYMENT_TARGET = 15.5;
				MTL_ENABLE_DEBUG_INFO = INCLUDE_SOURCE;
				MTL_FAST_MATH = YES;
				ONLY_ACTIVE_ARCH = YES;
				SDKROOT = iphoneos;
				SWIFT_ACTIVE_COMPILATION_CONDITIONS = DEBUG;
				SWIFT_OPTIMIZATION_LEVEL = "-Onone";
			};
			name = Debug;
		};
		3D2A6DD728CF8D1800BF2614 /* Release */ = {
			isa = XCBuildConfiguration;
			buildSettings = {
				ALWAYS_SEARCH_USER_PATHS = NO;
				CLANG_ANALYZER_NONNULL = YES;
				CLANG_ANALYZER_NUMBER_OBJECT_CONVERSION = YES_AGGRESSIVE;
				CLANG_CXX_LANGUAGE_STANDARD = "gnu++17";
				CLANG_ENABLE_MODULES = YES;
				CLANG_ENABLE_OBJC_ARC = YES;
				CLANG_ENABLE_OBJC_WEAK = YES;
				CLANG_WARN_BLOCK_CAPTURE_AUTORELEASING = YES;
				CLANG_WARN_BOOL_CONVERSION = YES;
				CLANG_WARN_COMMA = YES;
				CLANG_WARN_CONSTANT_CONVERSION = YES;
				CLANG_WARN_DEPRECATED_OBJC_IMPLEMENTATIONS = YES;
				CLANG_WARN_DIRECT_OBJC_ISA_USAGE = YES_ERROR;
				CLANG_WARN_DOCUMENTATION_COMMENTS = YES;
				CLANG_WARN_EMPTY_BODY = YES;
				CLANG_WARN_ENUM_CONVERSION = YES;
				CLANG_WARN_INFINITE_RECURSION = YES;
				CLANG_WARN_INT_CONVERSION = YES;
				CLANG_WARN_NON_LITERAL_NULL_CONVERSION = YES;
				CLANG_WARN_OBJC_IMPLICIT_RETAIN_SELF = YES;
				CLANG_WARN_OBJC_LITERAL_CONVERSION = YES;
				CLANG_WARN_OBJC_ROOT_CLASS = YES_ERROR;
				CLANG_WARN_QUOTED_INCLUDE_IN_FRAMEWORK_HEADER = YES;
				CLANG_WARN_RANGE_LOOP_ANALYSIS = YES;
				CLANG_WARN_STRICT_PROTOTYPES = YES;
				CLANG_WARN_SUSPICIOUS_MOVE = YES;
				CLANG_WARN_UNGUARDED_AVAILABILITY = YES_AGGRESSIVE;
				CLANG_WARN_UNREACHABLE_CODE = YES;
				CLANG_WARN__DUPLICATE_METHOD_MATCH = YES;
				COPY_PHASE_STRIP = NO;
				DEBUG_INFORMATION_FORMAT = "dwarf-with-dsym";
				ENABLE_NS_ASSERTIONS = NO;
				ENABLE_STRICT_OBJC_MSGSEND = YES;
				GCC_C_LANGUAGE_STANDARD = gnu11;
				GCC_NO_COMMON_BLOCKS = YES;
				GCC_WARN_64_TO_32_BIT_CONVERSION = YES;
				GCC_WARN_ABOUT_RETURN_TYPE = YES_ERROR;
				GCC_WARN_UNDECLARED_SELECTOR = YES;
				GCC_WARN_UNINITIALIZED_AUTOS = YES_AGGRESSIVE;
				GCC_WARN_UNUSED_FUNCTION = YES;
				GCC_WARN_UNUSED_VARIABLE = YES;
				IPHONEOS_DEPLOYMENT_TARGET = 15.5;
				MTL_ENABLE_DEBUG_INFO = NO;
				MTL_FAST_MATH = YES;
				SDKROOT = iphoneos;
				SWIFT_COMPILATION_MODE = wholemodule;
				SWIFT_OPTIMIZATION_LEVEL = "-O";
				VALIDATE_PRODUCT = YES;
			};
			name = Release;
		};
		3D2A6DD928CF8D1800BF2614 /* Debug */ = {
			isa = XCBuildConfiguration;
			buildSettings = {
				ASSETCATALOG_COMPILER_APPICON_NAME = AppIcon;
				ASSETCATALOG_COMPILER_GLOBAL_ACCENT_COLOR_NAME = AccentColor;
				CODE_SIGN_STYLE = Automatic;
				CURRENT_PROJECT_VERSION = 1;
				DEVELOPMENT_ASSET_PATHS = "\"iOS Take Home Project/Preview Content\"";
				ENABLE_PREVIEWS = YES;
				GENERATE_INFOPLIST_FILE = YES;
				INFOPLIST_FILE = "iOS-Take-Home-Project-Info.plist";
				INFOPLIST_KEY_UIApplicationSceneManifest_Generation = YES;
				INFOPLIST_KEY_UIApplicationSupportsIndirectInputEvents = YES;
				INFOPLIST_KEY_UISupportedInterfaceOrientations_iPad = "UIInterfaceOrientationPortrait UIInterfaceOrientationPortraitUpsideDown UIInterfaceOrientationLandscapeLeft UIInterfaceOrientationLandscapeRight";
				INFOPLIST_KEY_UISupportedInterfaceOrientations_iPhone = "UIInterfaceOrientationPortrait UIInterfaceOrientationLandscapeLeft UIInterfaceOrientationLandscapeRight";
				LD_RUNPATH_SEARCH_PATHS = (
					"$(inherited)",
					"@executable_path/Frameworks",
				);
				MARKETING_VERSION = 1.0;
				PRODUCT_BUNDLE_IDENTIFIER = "ca.bytesizedsoftware.iOS-Take-Home-Project";
				PRODUCT_NAME = "$(TARGET_NAME)";
				SWIFT_EMIT_LOC_STRINGS = YES;
				SWIFT_VERSION = 5.0;
				TARGETED_DEVICE_FAMILY = "1,2";
			};
			name = Debug;
		};
		3D2A6DDA28CF8D1800BF2614 /* Release */ = {
			isa = XCBuildConfiguration;
			buildSettings = {
				ASSETCATALOG_COMPILER_APPICON_NAME = AppIcon;
				ASSETCATALOG_COMPILER_GLOBAL_ACCENT_COLOR_NAME = AccentColor;
				CODE_SIGN_STYLE = Automatic;
				CURRENT_PROJECT_VERSION = 1;
				DEVELOPMENT_ASSET_PATHS = "\"iOS Take Home Project/Preview Content\"";
				ENABLE_PREVIEWS = YES;
				GENERATE_INFOPLIST_FILE = YES;
				INFOPLIST_FILE = "iOS-Take-Home-Project-Info.plist";
				INFOPLIST_KEY_UIApplicationSceneManifest_Generation = YES;
				INFOPLIST_KEY_UIApplicationSupportsIndirectInputEvents = YES;
				INFOPLIST_KEY_UISupportedInterfaceOrientations_iPad = "UIInterfaceOrientationPortrait UIInterfaceOrientationPortraitUpsideDown UIInterfaceOrientationLandscapeLeft UIInterfaceOrientationLandscapeRight";
				INFOPLIST_KEY_UISupportedInterfaceOrientations_iPhone = "UIInterfaceOrientationPortrait UIInterfaceOrientationLandscapeLeft UIInterfaceOrientationLandscapeRight";
				LD_RUNPATH_SEARCH_PATHS = (
					"$(inherited)",
					"@executable_path/Frameworks",
				);
				MARKETING_VERSION = 1.0;
				PRODUCT_BUNDLE_IDENTIFIER = "ca.bytesizedsoftware.iOS-Take-Home-Project";
				PRODUCT_NAME = "$(TARGET_NAME)";
				SWIFT_EMIT_LOC_STRINGS = YES;
				SWIFT_VERSION = 5.0;
				TARGETED_DEVICE_FAMILY = "1,2";
			};
			name = Release;
		};
/* End XCBuildConfiguration section */

/* Begin XCConfigurationList section */
		3D2A6DC528CF8D1700BF2614 /* Build configuration list for PBXProject "iOS Take Home Project" */ = {
			isa = XCConfigurationList;
			buildConfigurations = (
				3D2A6DD628CF8D1800BF2614 /* Debug */,
				3D2A6DD728CF8D1800BF2614 /* Release */,
			);
			defaultConfigurationIsVisible = 0;
			defaultConfigurationName = Release;
		};
		3D2A6DD828CF8D1800BF2614 /* Build configuration list for PBXNativeTarget "iOS Take Home Project" */ = {
			isa = XCConfigurationList;
			buildConfigurations = (
				3D2A6DD928CF8D1800BF2614 /* Debug */,
				3D2A6DDA28CF8D1800BF2614 /* Release */,
			);
			defaultConfigurationIsVisible = 0;
			defaultConfigurationName = Release;
		};
/* End XCConfigurationList section */
	};
	rootObject = 3D2A6DC228CF8D1700BF2614 /* Project object */;
}
